PODS:
  - BertSwift (2.1.0):
    - BigInt (~> 3.0)
  - BigInt (3.0.0):
    - SipHash (~> 1.2)
  - SipHash (1.2.0)

DEPENDENCIES:
  - BertSwift (from `../`)

EXTERNAL SOURCES:
  BertSwift:
    :path: ../

SPEC CHECKSUMS:
  BertSwift: 2883f6b77b9bc9828d7abd7f4784b5584d21b40a
  BigInt: a7864bcecd2976bced91963baef90079dbdcca25
  SipHash: c6e9e43e9c531b5bc6602545130c26194a6d31ce

PODFILE CHECKSUM: ef553cbc213022dfc8dad5974dfcb0049e884f95

COCOAPODS: 1.2.1
